PODS:
  - ELKitSDK (0.2.2):
    - ELKitSDK/ELCategory (= 0.2.2)
    - ELKitSDK/ELColor (= 0.2.2)
    - ELKitSDK/ELDateModule (= 0.2.2)
    - ELKitSDK/ELString (= 0.2.2)
    - ELKitSDK/ELUtility (= 0.2.2)
    - ELKitSDK/ELViewCategory (= 0.2.2)
    - ELKitSDK/ELViewInput (= 0.2.2)
  - ELKitSDK/ELCategory (0.2.2)
  - ELKitSDK/ELColor (0.2.2)
  - ELKitSDK/ELDateModule (0.2.2)
  - ELKitSDK/ELString (0.2.2)
  - ELKitSDK/ELUtility (0.2.2)
  - ELKitSDK/ELViewCategory (0.2.2)
  - ELKitSDK/ELViewInput (0.2.2):
    - ELKitSDK/ELViewCategory

DEPENDENCIES:
  - ELKitSDK (from `../`)

EXTERNAL SOURCES:
  ELKitSDK:
    :path: ../

SPEC CHECKSUMS:
  ELKitSDK: 7c9a58dbd8248e04d7ce0f7cf1de25253ca84852

PODFILE CHECKSUM: 7a5067db3d636ea19ee7b8a0a6604653b1bf92ff

COCOAPODS: 1.4.0
