PODS:
  - ELKitSDK (0.2.3):
    - ELKitSDK/ELCategory (= 0.2.3)
    - ELKitSDK/ELEncrypt (= 0.2.3)
    - ELKitSDK/ELInputView (= 0.2.3)
    - ELKitSDK/ELRegular (= 0.2.3)
    - ELKitSDK/ELUtils (= 0.2.3)
  - ELKitSDK/ELCategory (0.2.3)
  - ELKitSDK/ELEncrypt (0.2.3)
  - ELKitSDK/ELInputView (0.2.3)
  - ELKitSDK/ELRegular (0.2.3)
  - ELKitSDK/ELUtils (0.2.3)

DEPENDENCIES:
  - ELKitSDK (from `../`)

EXTERNAL SOURCES:
  ELKitSDK:
    :path: "../"

SPEC CHECKSUMS:
  ELKitSDK: 0d36a30fd318871ee7ee29965001bd0d309700c4

PODFILE CHECKSUM: 7a5067db3d636ea19ee7b8a0a6604653b1bf92ff

COCOAPODS: 1.8.4
